
Microsoft Visual Studio Solution File, Format Version 12.00
# Visual Studio Version 16
VisualStudioVersion = 16.0.29418.71
MinimumVisualStudioVersion = 10.0.40219.1
Project("{FAE04EC0-301F-11D3-BF4B-00C04F79EFBC}") = "EMSApp.Core", "EMSApp.Core\EMSApp.Core.csproj", "{20D5F0BB-2670-413C-AE1E-33B0A79CC97B}"
EndProject
Project("{FAE04EC0-301F-11D3-BF4B-00C04F79EFBC}") = "EMSApp.Infrastructure", "EMSApp.Infrastructure\EMSApp.Infrastructure.csproj", "{B43F2131-A9C0-4438-B209-F871C539FC1F}"
EndProject
Project("{FAE04EC0-301F-11D3-BF4B-00C04F79EFBC}") = "EMSApp.Webapi", "EMSApp.Webapi\EMSApp.Webapi.csproj", "{715E88ED-FD95-4D8C-ADF0-65E04669EC09}"
EndProject
Project("{FAE04EC0-301F-11D3-BF4B-00C04F79EFBC}") = "EMSApp.Infrastructure.Data", "EMSApp.Infrastructure.Data\EMSApp.Infrastructure.Data.csproj", "{830B1084-8A53-40A4-9D72-C671C3B5EC40}"
EndProject
Global
	GlobalSection(SolutionConfigurationPlatforms) = preSolution
		Debug|Any CPU = Debug|Any CPU
		Release|Any CPU = Release|Any CPU
	EndGlobalSection
	GlobalSection(ProjectConfigurationPlatforms) = postSolution
		{20D5F0BB-2670-413C-AE1E-33B0A79CC97B}.Debug|Any CPU.ActiveCfg = Debug|Any CPU
		{20D5F0BB-2670-413C-AE1E-33B0A79CC97B}.Debug|Any CPU.Build.0 = Debug|Any CPU
		{20D5F0BB-2670-413C-AE1E-33B0A79CC97B}.Release|Any CPU.ActiveCfg = Release|Any CPU
		{20D5F0BB-2670-413C-AE1E-33B0A79CC97B}.Release|Any CPU.Build.0 = Release|Any CPU
		{B43F2131-A9C0-4438-B209-F871C539FC1F}.Debug|Any CPU.ActiveCfg = Debug|Any CPU
		{B43F2131-A9C0-4438-B209-F871C539FC1F}.Debug|Any CPU.Build.0 = Debug|Any CPU
		{B43F2131-A9C0-4438-B209-F871C539FC1F}.Release|Any CPU.ActiveCfg = Release|Any CPU
		{B43F2131-A9C0-4438-B209-F871C539FC1F}.Release|Any CPU.Build.0 = Release|Any CPU
		{715E88ED-FD95-4D8C-ADF0-65E04669EC09}.Debug|Any CPU.ActiveCfg = Debug|Any CPU
		{715E88ED-FD95-4D8C-ADF0-65E04669EC09}.Debug|Any CPU.Build.0 = Debug|Any CPU
		{715E88ED-FD95-4D8C-ADF0-65E04669EC09}.Release|Any CPU.ActiveCfg = Release|Any CPU
		{715E88ED-FD95-4D8C-ADF0-65E04669EC09}.Release|Any CPU.Build.0 = Release|Any CPU
		{830B1084-8A53-40A4-9D72-C671C3B5EC40}.Debug|Any CPU.ActiveCfg = Debug|Any CPU
		{830B1084-8A53-40A4-9D72-C671C3B5EC40}.Debug|Any CPU.Build.0 = Debug|Any CPU
		{830B1084-8A53-40A4-9D72-C671C3B5EC40}.Release|Any CPU.ActiveCfg = Release|Any CPU
		{830B1084-8A53-40A4-9D72-C671C3B5EC40}.Release|Any CPU.Build.0 = Release|Any CPU
	EndGlobalSection
	GlobalSection(SolutionProperties) = preSolution
		HideSolutionNode = FALSE
	EndGlobalSection
	GlobalSection(ExtensibilityGlobals) = postSolution
		SolutionGuid = {4C41A361-CCDB-4B1B-87D0-E428ECF03B4D}
	EndGlobalSection
EndGlobal
